// !$*UTF8*$!
{
	archiveVersion = 1;
	classes = {
	};
	objectVersion = 46;
	objects = {

/* Begin PBXBuildFile section */
		B2069D2F1DB5B5C000122C05 /* AppDelegate.swift in Sources */ = {isa = PBXBuildFile; fileRef = B2069D2E1DB5B5C000122C05 /* AppDelegate.swift */; };
		B2069D311DB5B5C000122C05 /* ViewController.swift in Sources */ = {isa = PBXBuildFile; fileRef = B2069D301DB5B5C000122C05 /* ViewController.swift */; };
		B2069D341DB5B5C000122C05 /* Main.storyboard in Resources */ = {isa = PBXBuildFile; fileRef = B2069D321DB5B5C000122C05 /* Main.storyboard */; };
		B2069D361DB5B5C000122C05 /* Assets.xcassets in Resources */ = {isa = PBXBuildFile; fileRef = B2069D351DB5B5C000122C05 /* Assets.xcassets */; };
		B2069D391DB5B5C000122C05 /* LaunchScreen.storyboard in Resources */ = {isa = PBXBuildFile; fileRef = B2069D371DB5B5C000122C05 /* LaunchScreen.storyboard */; };
		B2069D441DB5B5C000122C05 /* MovieSearchTests.swift in Sources */ = {isa = PBXBuildFile; fileRef = B2069D431DB5B5C000122C05 /* MovieSearchTests.swift */; };
		B2069D4F1DB5B5C000122C05 /* MovieSearchUITests.swift in Sources */ = {isa = PBXBuildFile; fileRef = B2069D4E1DB5B5C000122C05 /* MovieSearchUITests.swift */; };
		B261C0F11DB70F7F00BA8803 /* sample-401-globe.png in Resources */ = {isa = PBXBuildFile; fileRef = B261C0F01DB70F7F00BA8803 /* sample-401-globe.png */; };
		B261C0F31DB7109000BA8803 /* sample-1116-slayer-hand@2x.png in Resources */ = {isa = PBXBuildFile; fileRef = B261C0F21DB7109000BA8803 /* sample-1116-slayer-hand@2x.png */; };
		B261C0F51DB7243500BA8803 /* MovieCollectionViewCell.swift in Sources */ = {isa = PBXBuildFile; fileRef = B261C0F41DB7243500BA8803 /* MovieCollectionViewCell.swift */; };
		B261C0F71DB7245700BA8803 /* MovieInfoViewController.swift in Sources */ = {isa = PBXBuildFile; fileRef = B261C0F61DB7245700BA8803 /* MovieInfoViewController.swift */; };
		B261C0F91DB73A3300BA8803 /* Movie.swift in Sources */ = {isa = PBXBuildFile; fileRef = B261C0F81DB73A3300BA8803 /* Movie.swift */; };
		B261C0FB1DB73DED00BA8803 /* No-image-found.jpg in Resources */ = {isa = PBXBuildFile; fileRef = B261C0FA1DB73DED00BA8803 /* No-image-found.jpg */; };
		B261C0FD1DB7400A00BA8803 /* SwiftyJSON.swift in Sources */ = {isa = PBXBuildFile; fileRef = B261C0FC1DB7400A00BA8803 /* SwiftyJSON.swift */; };
/* End PBXBuildFile section */

/* Begin PBXContainerItemProxy section */
		B2069D401DB5B5C000122C05 /* PBXContainerItemProxy */ = {
			isa = PBXContainerItemProxy;
			containerPortal = B2069D231DB5B5BF00122C05 /* Project object */;
			proxyType = 1;
			remoteGlobalIDString = B2069D2A1DB5B5BF00122C05;
			remoteInfo = MovieSearch;
		};
		B2069D4B1DB5B5C000122C05 /* PBXContainerItemProxy */ = {
			isa = PBXContainerItemProxy;
			containerPortal = B2069D231DB5B5BF00122C05 /* Project object */;
			proxyType = 1;
			remoteGlobalIDString = B2069D2A1DB5B5BF00122C05;
			remoteInfo = MovieSearch;
		};
/* End PBXContainerItemProxy section */

/* Begin PBXFileReference section */
		B2069D2B1DB5B5C000122C05 /* MovieSearch.app */ = {isa = PBXFileReference; explicitFileType = wrapper.application; includeInIndex = 0; path = MovieSearch.app; sourceTree = BUILT_PRODUCTS_DIR; };
		B2069D2E1DB5B5C000122C05 /* AppDelegate.swift */ = {isa = PBXFileReference; lastKnownFileType = sourcecode.swift; path = AppDelegate.swift; sourceTree = "<group>"; };
		B2069D301DB5B5C000122C05 /* ViewController.swift */ = {isa = PBXFileReference; lastKnownFileType = sourcecode.swift; path = ViewController.swift; sourceTree = "<group>"; };
		B2069D331DB5B5C000122C05 /* Base */ = {isa = PBXFileReference; lastKnownFileType = file.storyboard; name = Base; path = Base.lproj/Main.storyboard; sourceTree = "<group>"; };
		B2069D351DB5B5C000122C05 /* Assets.xcassets */ = {isa = PBXFileReference; lastKnownFileType = folder.assetcatalog; path = Assets.xcassets; sourceTree = "<group>"; };
		B2069D381DB5B5C000122C05 /* Base */ = {isa = PBXFileReference; lastKnownFileType = file.storyboard; name = Base; path = Base.lproj/LaunchScreen.storyboard; sourceTree = "<group>"; };
		B2069D3A1DB5B5C000122C05 /* Info.plist */ = {isa = PBXFileReference; lastKnownFileType = text.plist.xml; path = Info.plist; sourceTree = "<group>"; };
		B2069D3F1DB5B5C000122C05 /* MovieSearchTests.xctest */ = {isa = PBXFileReference; explicitFileType = wrapper.cfbundle; includeInIndex = 0; path = MovieSearchTests.xctest; sourceTree = BUILT_PRODUCTS_DIR; };
		B2069D431DB5B5C000122C05 /* MovieSearchTests.swift */ = {isa = PBXFileReference; lastKnownFileType = sourcecode.swift; path = MovieSearchTests.swift; sourceTree = "<group>"; };
		B2069D451DB5B5C000122C05 /* Info.plist */ = {isa = PBXFileReference; lastKnownFileType = text.plist.xml; path = Info.plist; sourceTree = "<group>"; };
		B2069D4A1DB5B5C000122C05 /* MovieSearchUITests.xctest */ = {isa = PBXFileReference; explicitFileType = wrapper.cfbundle; includeInIndex = 0; path = MovieSearchUITests.xctest; sourceTree = BUILT_PRODUCTS_DIR; };
		B2069D4E1DB5B5C000122C05 /* MovieSearchUITests.swift */ = {isa = PBXFileReference; lastKnownFileType = sourcecode.swift; path = MovieSearchUITests.swift; sourceTree = "<group>"; };
		B2069D501DB5B5C000122C05 /* Info.plist */ = {isa = PBXFileReference; lastKnownFileType = text.plist.xml; path = Info.plist; sourceTree = "<group>"; };
		B261C0F01DB70F7F00BA8803 /* sample-401-globe.png */ = {isa = PBXFileReference; lastKnownFileType = image.png; path = "sample-401-globe.png"; sourceTree = "<group>"; };
		B261C0F21DB7109000BA8803 /* sample-1116-slayer-hand@2x.png */ = {isa = PBXFileReference; lastKnownFileType = image.png; path = "sample-1116-slayer-hand@2x.png"; sourceTree = "<group>"; };
		B261C0F41DB7243500BA8803 /* MovieCollectionViewCell.swift */ = {isa = PBXFileReference; fileEncoding = 4; lastKnownFileType = sourcecode.swift; path = MovieCollectionViewCell.swift; sourceTree = "<group>"; };
		B261C0F61DB7245700BA8803 /* MovieInfoViewController.swift */ = {isa = PBXFileReference; fileEncoding = 4; lastKnownFileType = sourcecode.swift; path = MovieInfoViewController.swift; sourceTree = "<group>"; };
		B261C0F81DB73A3300BA8803 /* Movie.swift */ = {isa = PBXFileReference; fileEncoding = 4; lastKnownFileType = sourcecode.swift; path = Movie.swift; sourceTree = "<group>"; };
		B261C0FA1DB73DED00BA8803 /* No-image-found.jpg */ = {isa = PBXFileReference; lastKnownFileType = image.jpeg; path = "No-image-found.jpg"; sourceTree = "<group>"; };
		B261C0FC1DB7400A00BA8803 /* SwiftyJSON.swift */ = {isa = PBXFileReference; fileEncoding = 4; lastKnownFileType = sourcecode.swift; path = SwiftyJSON.swift; sourceTree = "<group>"; };
/* End PBXFileReference section */

/* Begin PBXFrameworksBuildPhase section */
		B2069D281DB5B5BF00122C05 /* Frameworks */ = {
			isa = PBXFrameworksBuildPhase;
			buildActionMask = 2147483647;
			files = (
			);
			runOnlyForDeploymentPostprocessing = 0;
		};
		B2069D3C1DB5B5C000122C05 /* Frameworks */ = {
			isa = PBXFrameworksBuildPhase;
			buildActionMask = 2147483647;
			files = (
			);
			runOnlyForDeploymentPostprocessing = 0;
		};
		B2069D471DB5B5C000122C05 /* Frameworks */ = {
			isa = PBXFrameworksBuildPhase;
			buildActionMask = 2147483647;
			files = (
			);
			runOnlyForDeploymentPostprocessing = 0;
		};
/* End PBXFrameworksBuildPhase section */

/* Begin PBXGroup section */
		B2069D221DB5B5BF00122C05 = {
			isa = PBXGroup;
			children = (
				B2069D2D1DB5B5C000122C05 /* MovieSearch */,
				B2069D421DB5B5C000122C05 /* MovieSearchTests */,
				B2069D4D1DB5B5C000122C05 /* MovieSearchUITests */,
				B2069D2C1DB5B5C000122C05 /* Products */,
			);
			sourceTree = "<group>";
		};
		B2069D2C1DB5B5C000122C05 /* Products */ = {
			isa = PBXGroup;
			children = (
				B2069D2B1DB5B5C000122C05 /* MovieSearch.app */,
				B2069D3F1DB5B5C000122C05 /* MovieSearchTests.xctest */,
				B2069D4A1DB5B5C000122C05 /* MovieSearchUITests.xctest */,
			);
			name = Products;
			sourceTree = "<group>";
		};
		B2069D2D1DB5B5C000122C05 /* MovieSearch */ = {
			isa = PBXGroup;
			children = (
				B261C0F01DB70F7F00BA8803 /* sample-401-globe.png */,
				B261C0F21DB7109000BA8803 /* sample-1116-slayer-hand@2x.png */,
				B261C0FA1DB73DED00BA8803 /* No-image-found.jpg */,
				B2069D2E1DB5B5C000122C05 /* AppDelegate.swift */,
				B2069D301DB5B5C000122C05 /* ViewController.swift */,
				B261C0F81DB73A3300BA8803 /* Movie.swift */,
				B261C0FC1DB7400A00BA8803 /* SwiftyJSON.swift */,
				B261C0F61DB7245700BA8803 /* MovieInfoViewController.swift */,
				B261C0F41DB7243500BA8803 /* MovieCollectionViewCell.swift */,
				B2069D321DB5B5C000122C05 /* Main.storyboard */,
				B2069D351DB5B5C000122C05 /* Assets.xcassets */,
				B2069D371DB5B5C000122C05 /* LaunchScreen.storyboard */,
				B2069D3A1DB5B5C000122C05 /* Info.plist */,
			);
			path = MovieSearch;
			sourceTree = "<group>";
		};
		B2069D421DB5B5C000122C05 /* MovieSearchTests */ = {
			isa = PBXGroup;
			children = (
				B2069D431DB5B5C000122C05 /* MovieSearchTests.swift */,
				B2069D451DB5B5C000122C05 /* Info.plist */,
			);
			path = MovieSearchTests;
			sourceTree = "<group>";
		};
		B2069D4D1DB5B5C000122C05 /* MovieSearchUITests */ = {
			isa = PBXGroup;
			children = (
				B2069D4E1DB5B5C000122C05 /* MovieSearchUITests.swift */,
				B2069D501DB5B5C000122C05 /* Info.plist */,
			);
			path = MovieSearchUITests;
			sourceTree = "<group>";
		};
/* End PBXGroup section */

/* Begin PBXNativeTarget section */
		B2069D2A1DB5B5BF00122C05 /* MovieSearch */ = {
			isa = PBXNativeTarget;
			buildConfigurationList = B2069D531DB5B5C000122C05 /* Build configuration list for PBXNativeTarget "MovieSearch" */;
			buildPhases = (
				B2069D271DB5B5BF00122C05 /* Sources */,
				B2069D281DB5B5BF00122C05 /* Frameworks */,
				B2069D291DB5B5BF00122C05 /* Resources */,
			);
			buildRules = (
			);
			dependencies = (
			);
			name = MovieSearch;
			productName = MovieSearch;
			productReference = B2069D2B1DB5B5C000122C05 /* MovieSearch.app */;
			productType = "com.apple.product-type.application";
		};
		B2069D3E1DB5B5C000122C05 /* MovieSearchTests */ = {
			isa = PBXNativeTarget;
			buildConfigurationList = B2069D561DB5B5C000122C05 /* Build configuration list for PBXNativeTarget "MovieSearchTests" */;
			buildPhases = (
				B2069D3B1DB5B5C000122C05 /* Sources */,
				B2069D3C1DB5B5C000122C05 /* Frameworks */,
				B2069D3D1DB5B5C000122C05 /* Resources */,
			);
			buildRules = (
			);
			dependencies = (
				B2069D411DB5B5C000122C05 /* PBXTargetDependency */,
			);
			name = MovieSearchTests;
			productName = MovieSearchTests;
			productReference = B2069D3F1DB5B5C000122C05 /* MovieSearchTests.xctest */;
			productType = "com.apple.product-type.bundle.unit-test";
		};
		B2069D491DB5B5C000122C05 /* MovieSearchUITests */ = {
			isa = PBXNativeTarget;
			buildConfigurationList = B2069D591DB5B5C000122C05 /* Build configuration list for PBXNativeTarget "MovieSearchUITests" */;
			buildPhases = (
				B2069D461DB5B5C000122C05 /* Sources */,
				B2069D471DB5B5C000122C05 /* Frameworks */,
				B2069D481DB5B5C000122C05 /* Resources */,
			);
			buildRules = (
			);
			dependencies = (
				B2069D4C1DB5B5C000122C05 /* PBXTargetDependency */,
			);
			name = MovieSearchUITests;
			productName = MovieSearchUITests;
			productReference = B2069D4A1DB5B5C000122C05 /* MovieSearchUITests.xctest */;
			productType = "com.apple.product-type.bundle.ui-testing";
		};
/* End PBXNativeTarget section */

/* Begin PBXProject section */
		B2069D231DB5B5BF00122C05 /* Project object */ = {
			isa = PBXProject;
			attributes = {
				LastSwiftUpdateCheck = 0730;
				LastUpgradeCheck = 0730;
				ORGANIZATIONNAME = "Rebecca Siow";
				TargetAttributes = {
					B2069D2A1DB5B5BF00122C05 = {
						CreatedOnToolsVersion = 7.3.1;
					};
					B2069D3E1DB5B5C000122C05 = {
						CreatedOnToolsVersion = 7.3.1;
						TestTargetID = B2069D2A1DB5B5BF00122C05;
					};
					B2069D491DB5B5C000122C05 = {
						CreatedOnToolsVersion = 7.3.1;
						TestTargetID = B2069D2A1DB5B5BF00122C05;
					};
				};
			};
			buildConfigurationList = B2069D261DB5B5BF00122C05 /* Build configuration list for PBXProject "MovieSearch" */;
			compatibilityVersion = "Xcode 3.2";
			developmentRegion = English;
			hasScannedForEncodings = 0;
			knownRegions = (
				en,
				Base,
			);
			mainGroup = B2069D221DB5B5BF00122C05;
			productRefGroup = B2069D2C1DB5B5C000122C05 /* Products */;
			projectDirPath = "";
			projectRoot = "";
			targets = (
				B2069D2A1DB5B5BF00122C05 /* MovieSearch */,
				B2069D3E1DB5B5C000122C05 /* MovieSearchTests */,
				B2069D491DB5B5C000122C05 /* MovieSearchUITests */,
			);
		};
/* End PBXProject section */

/* Begin PBXResourcesBuildPhase section */
		B2069D291DB5B5BF00122C05 /* Resources */ = {
			isa = PBXResourcesBuildPhase;
			buildActionMask = 2147483647;
			files = (
				B261C0F31DB7109000BA8803 /* sample-1116-slayer-hand@2x.png in Resources */,
				B2069D391DB5B5C000122C05 /* LaunchScreen.storyboard in Resources */,
				B261C0F11DB70F7F00BA8803 /* sample-401-globe.png in Resources */,
				B261C0FB1DB73DED00BA8803 /* No-image-found.jpg in Resources */,
				B2069D361DB5B5C000122C05 /* Assets.xcassets in Resources */,
				B2069D341DB5B5C000122C05 /* Main.storyboard in Resources */,
			);
			runOnlyForDeploymentPostprocessing = 0;
		};
		B2069D3D1DB5B5C000122C05 /* Resources */ = {
			isa = PBXResourcesBuildPhase;
			buildActionMask = 2147483647;
			files = (
			);
			runOnlyForDeploymentPostprocessing = 0;
		};
		B2069D481DB5B5C000122C05 /* Resources */ = {
			isa = PBXResourcesBuildPhase;
			buildActionMask = 2147483647;
			files = (
			);
			runOnlyForDeploymentPostprocessing = 0;
		};
/* End PBXResourcesBuildPhase section */

/* Begin PBXSourcesBuildPhase section */
		B2069D271DB5B5BF00122C05 /* Sources */ = {
			isa = PBXSourcesBuildPhase;
			buildActionMask = 2147483647;
			files = (
				B261C0F51DB7243500BA8803 /* MovieCollectionViewCell.swift in Sources */,
				B2069D311DB5B5C000122C05 /* ViewController.swift in Sources */,
				B2069D2F1DB5B5C000122C05 /* AppDelegate.swift in Sources */,
				B261C0FD1DB7400A00BA8803 /* SwiftyJSON.swift in Sources */,
				B261C0F71DB7245700BA8803 /* MovieInfoViewController.swift in Sources */,
				B261C0F91DB73A3300BA8803 /* Movie.swift in Sources */,
			);
			runOnlyForDeploymentPostprocessing = 0;
		};
		B2069D3B1DB5B5C000122C05 /* Sources */ = {
			isa = PBXSourcesBuildPhase;
			buildActionMask = 2147483647;
			files = (
				B2069D441DB5B5C000122C05 /* MovieSearchTests.swift in Sources */,
			);
			runOnlyForDeploymentPostprocessing = 0;
		};
		B2069D461DB5B5C000122C05 /* Sources */ = {
			isa = PBXSourcesBuildPhase;
			buildActionMask = 2147483647;
			files = (
				B2069D4F1DB5B5C000122C05 /* MovieSearchUITests.swift in Sources */,
			);
			runOnlyForDeploymentPostprocessing = 0;
		};
/* End PBXSourcesBuildPhase section */

/* Begin PBXTargetDependency section */
		B2069D411DB5B5C000122C05 /* PBXTargetDependency */ = {
			isa = PBXTargetDependency;
			target = B2069D2A1DB5B5BF00122C05 /* MovieSearch */;
			targetProxy = B2069D401DB5B5C000122C05 /* PBXContainerItemProxy */;
		};
		B2069D4C1DB5B5C000122C05 /* PBXTargetDependency */ = {
			isa = PBXTargetDependency;
			target = B2069D2A1DB5B5BF00122C05 /* MovieSearch */;
			targetProxy = B2069D4B1DB5B5C000122C05 /* PBXContainerItemProxy */;
		};
/* End PBXTargetDependency section */

/* Begin PBXVariantGroup section */
		B2069D321DB5B5C000122C05 /* Main.storyboard */ = {
			isa = PBXVariantGroup;
			children = (
				B2069D331DB5B5C000122C05 /* Base */,
			);
			name = Main.storyboard;
			sourceTree = "<group>";
		};
		B2069D371DB5B5C000122C05 /* LaunchScreen.storyboard */ = {
			isa = PBXVariantGroup;
			children = (
				B2069D381DB5B5C000122C05 /* Base */,
			);
			name = LaunchScreen.storyboard;
			sourceTree = "<group>";
		};
/* End PBXVariantGroup section */

/* Begin XCBuildConfiguration section */
		B2069D511DB5B5C000122C05 /* Debug */ = {
			isa = XCBuildConfiguration;
			buildSettings = {
				ALWAYS_SEARCH_USER_PATHS = NO;
				CLANG_ANALYZER_NONNULL = YES;
				CLANG_CXX_LANGUAGE_STANDARD = "gnu++0x";
				CLANG_CXX_LIBRARY = "libc++";
				CLANG_ENABLE_MODULES = YES;
				CLANG_ENABLE_OBJC_ARC = YES;
				CLANG_WARN_BOOL_CONVERSION = YES;
				CLANG_WARN_CONSTANT_CONVERSION = YES;
				CLANG_WARN_DIRECT_OBJC_ISA_USAGE = YES_ERROR;
				CLANG_WARN_EMPTY_BODY = YES;
				CLANG_WARN_ENUM_CONVERSION = YES;
				CLANG_WARN_INT_CONVERSION = YES;
				CLANG_WARN_OBJC_ROOT_CLASS = YES_ERROR;
				CLANG_WARN_UNREACHABLE_CODE = YES;
				CLANG_WARN__DUPLICATE_METHOD_MATCH = YES;
				"CODE_SIGN_IDENTITY[sdk=iphoneos*]" = "iPhone Developer";
				COPY_PHASE_STRIP = NO;
				DEBUG_INFORMATION_FORMAT = dwarf;
				ENABLE_STRICT_OBJC_MSGSEND = YES;
				ENABLE_TESTABILITY = YES;
				GCC_C_LANGUAGE_STANDARD = gnu99;
				GCC_DYNAMIC_NO_PIC = NO;
				GCC_NO_COMMON_BLOCKS = YES;
				GCC_OPTIMIZATION_LEVEL = 0;
				GCC_PREPROCESSOR_DEFINITIONS = (
					"DEBUG=1",
					"$(inherited)",
				);
				GCC_WARN_64_TO_32_BIT_CONVERSION = YES;
				GCC_WARN_ABOUT_RETURN_TYPE = YES_ERROR;
				GCC_WARN_UNDECLARED_SELECTOR = YES;
				GCC_WARN_UNINITIALIZED_AUTOS = YES_AGGRESSIVE;
				GCC_WARN_UNUSED_FUNCTION = YES;
				GCC_WARN_UNUSED_VARIABLE = YES;
				IPHONEOS_DEPLOYMENT_TARGET = 9.3;
				MTL_ENABLE_DEBUG_INFO = YES;
				ONLY_ACTIVE_ARCH = YES;
				SDKROOT = iphoneos;
				SWIFT_OPTIMIZATION_LEVEL = "-Onone";
				TARGETED_DEVICE_FAMILY = "1,2";
			};
			name = Debug;
		};
		B2069D521DB5B5C000122C05 /* Release */ = {
			isa = XCBuildConfiguration;
			buildSettings = {
				ALWAYS_SEARCH_USER_PATHS = NO;
				CLANG_ANALYZER_NONNULL = YES;
				CLANG_CXX_LANGUAGE_STANDARD = "gnu++0x";
				CLANG_CXX_LIBRARY = "libc++";
				CLANG_ENABLE_MODULES = YES;
				CLANG_ENABLE_OBJC_ARC = YES;
				CLANG_WARN_BOOL_CONVERSION = YES;
				CLANG_WARN_CONSTANT_CONVERSION = YES;
				CLANG_WARN_DIRECT_OBJC_ISA_USAGE = YES_ERROR;
				CLANG_WARN_EMPTY_BODY = YES;
				CLANG_WARN_ENUM_CONVERSION = YES;
				CLANG_WARN_INT_CONVERSION = YES;
				CLANG_WARN_OBJC_ROOT_CLASS = YES_ERROR;
				CLANG_WARN_UNREACHABLE_CODE = YES;
				CLANG_WARN__DUPLICATE_METHOD_MATCH = YES;
				"CODE_SIGN_IDENTITY[sdk=iphoneos*]" = "iPhone Developer";
				COPY_PHASE_STRIP = NO;
				DEBUG_INFORMATION_FORMAT = "dwarf-with-dsym";
				ENABLE_NS_ASSERTIONS = NO;
				ENABLE_STRICT_OBJC_MSGSEND = YES;
				GCC_C_LANGUAGE_STANDARD = gnu99;
				GCC_NO_COMMON_BLOCKS = YES;
				GCC_WARN_64_TO_32_BIT_CONVERSION = YES;
				GCC_WARN_ABOUT_RETURN_TYPE = YES_ERROR;
				GCC_WARN_UNDECLARED_SELECTOR = YES;
				GCC_WARN_UNINITIALIZED_AUTOS = YES_AGGRESSIVE;
				GCC_WARN_UNUSED_FUNCTION = YES;
				GCC_WARN_UNUSED_VARIABLE = YES;
				IPHONEOS_DEPLOYMENT_TARGET = 9.3;
				MTL_ENABLE_DEBUG_INFO = NO;
				SDKROOT = iphoneos;
				TARGETED_DEVICE_FAMILY = "1,2";
				VALIDATE_PRODUCT = YES;
			};
			name = Release;
		};
		B2069D541DB5B5C000122C05 /* Debug */ = {
			isa = XCBuildConfiguration;
			buildSettings = {
				ASSETCATALOG_COMPILER_APPICON_NAME = AppIcon;
				INFOPLIST_FILE = MovieSearch/Info.plist;
				LD_RUNPATH_SEARCH_PATHS = "$(inherited) @executable_path/Frameworks";
				PRODUCT_BUNDLE_IDENTIFIER = wustl.MovieSearch;
				PRODUCT_NAME = "$(TARGET_NAME)";
			};
			name = Debug;
		};
		B2069D551DB5B5C000122C05 /* Release */ = {
			isa = XCBuildConfiguration;
			buildSettings = {
				ASSETCATALOG_COMPILER_APPICON_NAME = AppIcon;
				INFOPLIST_FILE = MovieSearch/Info.plist;
				LD_RUNPATH_SEARCH_PATHS = "$(inherited) @executable_path/Frameworks";
				PRODUCT_BUNDLE_IDENTIFIER = wustl.MovieSearch;
				PRODUCT_NAME = "$(TARGET_NAME)";
			};
			name = Release;
		};
		B2069D571DB5B5C000122C05 /* Debug */ = {
			isa = XCBuildConfiguration;
			buildSettings = {
				BUNDLE_LOADER = "$(TEST_HOST)";
				INFOPLIST_FILE = MovieSearchTests/Info.plist;
				LD_RUNPATH_SEARCH_PATHS = "$(inherited) @executable_path/Frameworks @loader_path/Frameworks";
				PRODUCT_BUNDLE_IDENTIFIER = wustl.MovieSearchTests;
				PRODUCT_NAME = "$(TARGET_NAME)";
				TEST_HOST = "$(BUILT_PRODUCTS_DIR)/MovieSearch.app/MovieSearch";
			};
			name = Debug;
		};
		B2069D581DB5B5C000122C05 /* Release */ = {
			isa = XCBuildConfiguration;
			buildSettings = {
				BUNDLE_LOADER = "$(TEST_HOST)";
				INFOPLIST_FILE = MovieSearchTests/Info.plist;
				LD_RUNPATH_SEARCH_PATHS = "$(inherited) @executable_path/Frameworks @loader_path/Frameworks";
				PRODUCT_BUNDLE_IDENTIFIER = wustl.MovieSearchTests;
				PRODUCT_NAME = "$(TARGET_NAME)";
				TEST_HOST = "$(BUILT_PRODUCTS_DIR)/MovieSearch.app/MovieSearch";
			};
			name = Release;
		};
		B2069D5A1DB5B5C000122C05 /* Debug */ = {
			isa = XCBuildConfiguration;
			buildSettings = {
				INFOPLIST_FILE = MovieSearchUITests/Info.plist;
				LD_RUNPATH_SEARCH_PATHS = "$(inherited) @executable_path/Frameworks @loader_path/Frameworks";
				PRODUCT_BUNDLE_IDENTIFIER = wustl.MovieSearchUITests;
				PRODUCT_NAME = "$(TARGET_NAME)";
				TEST_TARGET_NAME = MovieSearch;
			};
			name = Debug;
		};
		B2069D5B1DB5B5C000122C05 /* Release */ = {
			isa = XCBuildConfiguration;
			buildSettings = {
				INFOPLIST_FILE = MovieSearchUITests/Info.plist;
				LD_RUNPATH_SEARCH_PATHS = "$(inherited) @executable_path/Frameworks @loader_path/Frameworks";
				PRODUCT_BUNDLE_IDENTIFIER = wustl.MovieSearchUITests;
				PRODUCT_NAME = "$(TARGET_NAME)";
				TEST_TARGET_NAME = MovieSearch;
			};
			name = Release;
		};
/* End XCBuildConfiguration section */

/* Begin XCConfigurationList section */
		B2069D261DB5B5BF00122C05 /* Build configuration list for PBXProject "MovieSearch" */ = {
			isa = XCConfigurationList;
			buildConfigurations = (
				B2069D511DB5B5C000122C05 /* Debug */,
				B2069D521DB5B5C000122C05 /* Release */,
			);
			defaultConfigurationIsVisible = 0;
			defaultConfigurationName = Release;
		};
		B2069D531DB5B5C000122C05 /* Build configuration list for PBXNativeTarget "MovieSearch" */ = {
			isa = XCConfigurationList;
			buildConfigurations = (
				B2069D541DB5B5C000122C05 /* Debug */,
				B2069D551DB5B5C000122C05 /* Release */,
			);
			defaultConfigurationIsVisible = 0;
			defaultConfigurationName = Release;
		};
		B2069D561DB5B5C000122C05 /* Build configuration list for PBXNativeTarget "MovieSearchTests" */ = {
			isa = XCConfigurationList;
			buildConfigurations = (
				B2069D571DB5B5C000122C05 /* Debug */,
				B2069D581DB5B5C000122C05 /* Release */,
			);
			defaultConfigurationIsVisible = 0;
			defaultConfigurationName = Release;
		};
		B2069D591DB5B5C000122C05 /* Build configuration list for PBXNativeTarget "MovieSearchUITests" */ = {
			isa = XCConfigurationList;
			buildConfigurations = (
				B2069D5A1DB5B5C000122C05 /* Debug */,
				B2069D5B1DB5B5C000122C05 /* Release */,
			);
			defaultConfigurationIsVisible = 0;
			defaultConfigurationName = Release;
		};
/* End XCConfigurationList section */
	};
	rootObject = B2069D231DB5B5BF00122C05 /* Project object */;
}
